
Microsoft Visual Studio Solution File, Format Version 12.00
# Visual Studio Version 17
VisualStudioVersion = 17.9.34616.47
MinimumVisualStudioVersion = 10.0.40219.1
Project("{FAE04EC0-301F-11D3-BF4B-00C04F79EFBC}") = "ProjetoReservaHotel", "ProjetoReservaHotel\ProjetoReservaHotel.csproj", "{4E569B6B-E2D1-40B2-BA34-0ED367378948}"
EndProject
Global
	GlobalSection(SolutionConfigurationPlatforms) = preSolution
		Debug|Any CPU = Debug|Any CPU
		Release|Any CPU = Release|Any CPU
	EndGlobalSection
	GlobalSection(ProjectConfigurationPlatforms) = postSolution
		{4E569B6B-E2D1-40B2-BA34-0ED367378948}.Debug|Any CPU.ActiveCfg = Debug|Any CPU
		{4E569B6B-E2D1-40B2-BA34-0ED367378948}.Debug|Any CPU.Build.0 = Debug|Any CPU
		{4E569B6B-E2D1-40B2-BA34-0ED367378948}.Release|Any CPU.ActiveCfg = Release|Any CPU
		{4E569B6B-E2D1-40B2-BA34-0ED367378948}.Release|Any CPU.Build.0 = Release|Any CPU
	EndGlobalSection
	GlobalSection(SolutionProperties) = preSolution
		HideSolutionNode = FALSE
	EndGlobalSection
	GlobalSection(ExtensibilityGlobals) = postSolution
		SolutionGuid = {829B29E2-F693-4A40-9B5F-C2C3A4687F4F}
	EndGlobalSection
EndGlobal
